
Microsoft Visual Studio Solution File, Format Version 12.00
# Visual Studio Version 16
VisualStudioVersion = 16.0.28315.86
MinimumVisualStudioVersion = 10.0.40219.1
Project("{2150E333-8FDC-42A3-9474-1A3956D46DE8}") = "Engine", "Engine", "{233774A8-CC9D-3FA9-86D1-90573E92B704}"
EndProject
Project("{2150E333-8FDC-42A3-9474-1A3956D46DE8}") = "Games", "Games", "{DE1F8B53-6C02-3C13-9101-A7C8D96F3FF6}"
EndProject
Project("{8BC9CEB8-8B4A-11D0-8D11-00A0C91BC942}") = "UE5", "Intermediate\ProjectFiles\UE5.vcxproj", "{573DF84C-9CB6-39AD-965F-11692D7EF6AB}"
EndProject
Project("{8BC9CEB8-8B4A-11D0-8D11-00A0C91BC942}") = "TestEngine5", "Intermediate\ProjectFiles\TestEngine5.vcxproj", "{3A4B78FA-EE36-3E27-805C-193109173B8D}"
EndProject
Project("{2150E333-8FDC-42A3-9474-1A3956D46DE8}") = "Visualizers", "Visualizers", "{1CCEC849-CC72-4C59-8C36-2F7C38706D4C}"
	ProjectSection(SolutionItems) = preProject
		..\..\..\UnrealEngineSrc\5.3\UnrealEngine\Engine\Extras\VisualStudioDebugging\Unreal.natvis = ..\..\..\UnrealEngineSrc\5.3\UnrealEngine\Engine\Extras\VisualStudioDebugging\Unreal.natvis
		..\..\..\UnrealEngineSrc\5.3\UnrealEngine\Engine\Extras\VisualStudioDebugging\Unreal.natstepfilter = ..\..\..\UnrealEngineSrc\5.3\UnrealEngine\Engine\Extras\VisualStudioDebugging\Unreal.natstepfilter
	EndProjectSection
EndProject
Global
	GlobalSection(SolutionConfigurationPlatforms) = preSolution
		Debug Client|IOS = Debug Client|IOS
		Debug Client|Mac = Debug Client|Mac
		Debug Client|TVOS = Debug Client|TVOS
		Debug Client|Win64 = Debug Client|Win64
		Debug Editor|IOS = Debug Editor|IOS
		Debug Editor|Mac = Debug Editor|Mac
		Debug Editor|TVOS = Debug Editor|TVOS
		Debug Editor|Win64 = Debug Editor|Win64
		Debug Server|IOS = Debug Server|IOS
		Debug Server|Mac = Debug Server|Mac
		Debug Server|TVOS = Debug Server|TVOS
		Debug Server|Win64 = Debug Server|Win64
		DebugGame Client|IOS = DebugGame Client|IOS
		DebugGame Client|Mac = DebugGame Client|Mac
		DebugGame Client|TVOS = DebugGame Client|TVOS
		DebugGame Client|Win64 = DebugGame Client|Win64
		DebugGame Editor|IOS = DebugGame Editor|IOS
		DebugGame Editor|Mac = DebugGame Editor|Mac
		DebugGame Editor|TVOS = DebugGame Editor|TVOS
		DebugGame Editor|Win64 = DebugGame Editor|Win64
		DebugGame Server|IOS = DebugGame Server|IOS
		DebugGame Server|Mac = DebugGame Server|Mac
		DebugGame Server|TVOS = DebugGame Server|TVOS
		DebugGame Server|Win64 = DebugGame Server|Win64
		DebugGame|IOS = DebugGame|IOS
		DebugGame|Mac = DebugGame|Mac
		DebugGame|TVOS = DebugGame|TVOS
		DebugGame|Win64 = DebugGame|Win64
		Debug|IOS = Debug|IOS
		Debug|Mac = Debug|Mac
		Debug|TVOS = Debug|TVOS
		Debug|Win64 = Debug|Win64
		Development Client|IOS = Development Client|IOS
		Development Client|Mac = Development Client|Mac
		Development Client|TVOS = Development Client|TVOS
		Development Client|Win64 = Development Client|Win64
		Development Editor|IOS = Development Editor|IOS
		Development Editor|Mac = Development Editor|Mac
		Development Editor|TVOS = Development Editor|TVOS
		Development Editor|Win64 = Development Editor|Win64
		Development Server|IOS = Development Server|IOS
		Development Server|Mac = Development Server|Mac
		Development Server|TVOS = Development Server|TVOS
		Development Server|Win64 = Development Server|Win64
		Development|IOS = Development|IOS
		Development|Mac = Development|Mac
		Development|TVOS = Development|TVOS
		Development|Win64 = Development|Win64
		Shipping Client|IOS = Shipping Client|IOS
		Shipping Client|Mac = Shipping Client|Mac
		Shipping Client|TVOS = Shipping Client|TVOS
		Shipping Client|Win64 = Shipping Client|Win64
		Shipping Server|IOS = Shipping Server|IOS
		Shipping Server|Mac = Shipping Server|Mac
		Shipping Server|TVOS = Shipping Server|TVOS
		Shipping Server|Win64 = Shipping Server|Win64
		Shipping|IOS = Shipping|IOS
		Shipping|Mac = Shipping|Mac
		Shipping|TVOS = Shipping|TVOS
		Shipping|Win64 = Shipping|Win64
		Test Client|IOS = Test Client|IOS
		Test Client|Mac = Test Client|Mac
		Test Client|TVOS = Test Client|TVOS
		Test Client|Win64 = Test Client|Win64
		Test Server|IOS = Test Server|IOS
		Test Server|Mac = Test Server|Mac
		Test Server|TVOS = Test Server|TVOS
		Test Server|Win64 = Test Server|Win64
		Test|IOS = Test|IOS
		Test|Mac = Test|Mac
		Test|TVOS = Test|TVOS
		Test|Win64 = Test|Win64
	EndGlobalSection
	# UnrealVS Section
	GlobalSection(ddbf523f-7eb6-4887-bd51-85a714ff87eb) = preSolution
		AvailablePlatforms=Win64;Mac;IOS;TVOS
	EndGlobalSection
	GlobalSection(ProjectConfigurationPlatforms) = postSolution
		{573DF84C-9CB6-39AD-965F-11692D7EF6AB}.Debug Client|IOS.ActiveCfg = IOS_Debug_Client|Win64
		{573DF84C-9CB6-39AD-965F-11692D7EF6AB}.Debug Client|IOS.Build.0 = IOS_Debug_Client|Win64
		{573DF84C-9CB6-39AD-965F-11692D7EF6AB}.Debug Client|Mac.ActiveCfg = Mac_Debug_Client|Win64
		{573DF84C-9CB6-39AD-965F-11692D7EF6AB}.Debug Client|Mac.Build.0 = Mac_Debug_Client|Win64
		{573DF84C-9CB6-39AD-965F-11692D7EF6AB}.Debug Client|TVOS.ActiveCfg = TVOS_Debug_Client|Win64
		{573DF84C-9CB6-39AD-965F-11692D7EF6AB}.Debug Client|TVOS.Build.0 = TVOS_Debug_Client|Win64
		{573DF84C-9CB6-39AD-965F-11692D7EF6AB}.Debug Client|Win64.ActiveCfg = Debug_Client|x64
		{573DF84C-9CB6-39AD-965F-11692D7EF6AB}.Debug Client|Win64.Build.0 = Debug_Client|x64
		{573DF84C-9CB6-39AD-965F-11692D7EF6AB}.Debug Editor|IOS.ActiveCfg = Invalid|x64
		{573DF84C-9CB6-39AD-965F-11692D7EF6AB}.Debug Editor|Mac.ActiveCfg = Mac_Debug_Editor|Win64
		{573DF84C-9CB6-39AD-965F-11692D7EF6AB}.Debug Editor|Mac.Build.0 = Mac_Debug_Editor|Win64
		{573DF84C-9CB6-39AD-965F-11692D7EF6AB}.Debug Editor|TVOS.ActiveCfg = Invalid|x64
		{573DF84C-9CB6-39AD-965F-11692D7EF6AB}.Debug Editor|Win64.ActiveCfg = Debug_Editor|x64
		{573DF84C-9CB6-39AD-965F-11692D7EF6AB}.Debug Editor|Win64.Build.0 = Debug_Editor|x64
		{573DF84C-9CB6-39AD-965F-11692D7EF6AB}.Debug Server|IOS.ActiveCfg = Invalid|x64
		{573DF84C-9CB6-39AD-965F-11692D7EF6AB}.Debug Server|Mac.ActiveCfg = Mac_Debug_Server|Win64
		{573DF84C-9CB6-39AD-965F-11692D7EF6AB}.Debug Server|Mac.Build.0 = Mac_Debug_Server|Win64
		{573DF84C-9CB6-39AD-965F-11692D7EF6AB}.Debug Server|TVOS.ActiveCfg = Invalid|x64
		{573DF84C-9CB6-39AD-965F-11692D7EF6AB}.Debug Server|Win64.ActiveCfg = Debug_Server|x64
		{573DF84C-9CB6-39AD-965F-11692D7EF6AB}.Debug Server|Win64.Build.0 = Debug_Server|x64
		{573DF84C-9CB6-39AD-965F-11692D7EF6AB}.DebugGame Client|IOS.ActiveCfg = IOS_DebugGame_Client|Win64
		{573DF84C-9CB6-39AD-965F-11692D7EF6AB}.DebugGame Client|IOS.Build.0 = IOS_DebugGame_Client|Win64
		{573DF84C-9CB6-39AD-965F-11692D7EF6AB}.DebugGame Client|Mac.ActiveCfg = Mac_DebugGame_Client|Win64
		{573DF84C-9CB6-39AD-965F-11692D7EF6AB}.DebugGame Client|Mac.Build.0 = Mac_DebugGame_Client|Win64
		{573DF84C-9CB6-39AD-965F-11692D7EF6AB}.DebugGame Client|TVOS.ActiveCfg = TVOS_DebugGame_Client|Win64
		{573DF84C-9CB6-39AD-965F-11692D7EF6AB}.DebugGame Client|TVOS.Build.0 = TVOS_DebugGame_Client|Win64
		{573DF84C-9CB6-39AD-965F-11692D7EF6AB}.DebugGame Client|Win64.ActiveCfg = DebugGame_Client|x64
		{573DF84C-9CB6-39AD-965F-11692D7EF6AB}.DebugGame Client|Win64.Build.0 = DebugGame_Client|x64
		{573DF84C-9CB6-39AD-965F-11692D7EF6AB}.DebugGame Editor|IOS.ActiveCfg = Invalid|x64
		{573DF84C-9CB6-39AD-965F-11692D7EF6AB}.DebugGame Editor|Mac.ActiveCfg = Mac_DebugGame_Editor|Win64
		{573DF84C-9CB6-39AD-965F-11692D7EF6AB}.DebugGame Editor|Mac.Build.0 = Mac_DebugGame_Editor|Win64
		{573DF84C-9CB6-39AD-965F-11692D7EF6AB}.DebugGame Editor|TVOS.ActiveCfg = Invalid|x64
		{573DF84C-9CB6-39AD-965F-11692D7EF6AB}.DebugGame Editor|Win64.ActiveCfg = DebugGame_Editor|x64
		{573DF84C-9CB6-39AD-965F-11692D7EF6AB}.DebugGame Editor|Win64.Build.0 = DebugGame_Editor|x64
		{573DF84C-9CB6-39AD-965F-11692D7EF6AB}.DebugGame Server|IOS.ActiveCfg = Invalid|x64
		{573DF84C-9CB6-39AD-965F-11692D7EF6AB}.DebugGame Server|Mac.ActiveCfg = Mac_DebugGame_Server|Win64
		{573DF84C-9CB6-39AD-965F-11692D7EF6AB}.DebugGame Server|Mac.Build.0 = Mac_DebugGame_Server|Win64
		{573DF84C-9CB6-39AD-965F-11692D7EF6AB}.DebugGame Server|TVOS.ActiveCfg = Invalid|x64
		{573DF84C-9CB6-39AD-965F-11692D7EF6AB}.DebugGame Server|Win64.ActiveCfg = DebugGame_Server|x64
		{573DF84C-9CB6-39AD-965F-11692D7EF6AB}.DebugGame Server|Win64.Build.0 = DebugGame_Server|x64
		{573DF84C-9CB6-39AD-965F-11692D7EF6AB}.DebugGame|IOS.ActiveCfg = IOS_DebugGame|Win64
		{573DF84C-9CB6-39AD-965F-11692D7EF6AB}.DebugGame|IOS.Build.0 = IOS_DebugGame|Win64
		{573DF84C-9CB6-39AD-965F-11692D7EF6AB}.DebugGame|Mac.ActiveCfg = Mac_DebugGame|Win64
		{573DF84C-9CB6-39AD-965F-11692D7EF6AB}.DebugGame|Mac.Build.0 = Mac_DebugGame|Win64
		{573DF84C-9CB6-39AD-965F-11692D7EF6AB}.DebugGame|TVOS.ActiveCfg = TVOS_DebugGame|Win64
		{573DF84C-9CB6-39AD-965F-11692D7EF6AB}.DebugGame|TVOS.Build.0 = TVOS_DebugGame|Win64
		{573DF84C-9CB6-39AD-965F-11692D7EF6AB}.DebugGame|Win64.ActiveCfg = DebugGame|x64
		{573DF84C-9CB6-39AD-965F-11692D7EF6AB}.DebugGame|Win64.Build.0 = DebugGame|x64
		{573DF84C-9CB6-39AD-965F-11692D7EF6AB}.Debug|IOS.ActiveCfg = IOS_Debug|Win64
		{573DF84C-9CB6-39AD-965F-11692D7EF6AB}.Debug|IOS.Build.0 = IOS_Debug|Win64
		{573DF84C-9CB6-39AD-965F-11692D7EF6AB}.Debug|Mac.ActiveCfg = Mac_Debug|Win64
		{573DF84C-9CB6-39AD-965F-11692D7EF6AB}.Debug|Mac.Build.0 = Mac_Debug|Win64
		{573DF84C-9CB6-39AD-965F-11692D7EF6AB}.Debug|TVOS.ActiveCfg = TVOS_Debug|Win64
		{573DF84C-9CB6-39AD-965F-11692D7EF6AB}.Debug|TVOS.Build.0 = TVOS_Debug|Win64
		{573DF84C-9CB6-39AD-965F-11692D7EF6AB}.Debug|Win64.ActiveCfg = Debug|x64
		{573DF84C-9CB6-39AD-965F-11692D7EF6AB}.Debug|Win64.Build.0 = Debug|x64
		{573DF84C-9CB6-39AD-965F-11692D7EF6AB}.Development Client|IOS.ActiveCfg = IOS_Development_Client|Win64
		{573DF84C-9CB6-39AD-965F-11692D7EF6AB}.Development Client|IOS.Build.0 = IOS_Development_Client|Win64
		{573DF84C-9CB6-39AD-965F-11692D7EF6AB}.Development Client|Mac.ActiveCfg = Mac_Development_Client|Win64
		{573DF84C-9CB6-39AD-965F-11692D7EF6AB}.Development Client|Mac.Build.0 = Mac_Development_Client|Win64
		{573DF84C-9CB6-39AD-965F-11692D7EF6AB}.Development Client|TVOS.ActiveCfg = TVOS_Development_Client|Win64
		{573DF84C-9CB6-39AD-965F-11692D7EF6AB}.Development Client|TVOS.Build.0 = TVOS_Development_Client|Win64
		{573DF84C-9CB6-39AD-965F-11692D7EF6AB}.Development Client|Win64.ActiveCfg = Development_Client|x64
		{573DF84C-9CB6-39AD-965F-11692D7EF6AB}.Development Client|Win64.Build.0 = Development_Client|x64
		{573DF84C-9CB6-39AD-965F-11692D7EF6AB}.Development Editor|IOS.ActiveCfg = Invalid|x64
		{573DF84C-9CB6-39AD-965F-11692D7EF6AB}.Development Editor|Mac.ActiveCfg = Mac_Development_Editor|Win64
		{573DF84C-9CB6-39AD-965F-11692D7EF6AB}.Development Editor|Mac.Build.0 = Mac_Development_Editor|Win64
		{573DF84C-9CB6-39AD-965F-11692D7EF6AB}.Development Editor|TVOS.ActiveCfg = Invalid|x64
		{573DF84C-9CB6-39AD-965F-11692D7EF6AB}.Development Editor|Win64.ActiveCfg = Development_Editor|x64
		{573DF84C-9CB6-39AD-965F-11692D7EF6AB}.Development Editor|Win64.Build.0 = Development_Editor|x64
		{573DF84C-9CB6-39AD-965F-11692D7EF6AB}.Development Server|IOS.ActiveCfg = Invalid|x64
		{573DF84C-9CB6-39AD-965F-11692D7EF6AB}.Development Server|Mac.ActiveCfg = Mac_Development_Server|Win64
		{573DF84C-9CB6-39AD-965F-11692D7EF6AB}.Development Server|Mac.Build.0 = Mac_Development_Server|Win64
		{573DF84C-9CB6-39AD-965F-11692D7EF6AB}.Development Server|TVOS.ActiveCfg = Invalid|x64
		{573DF84C-9CB6-39AD-965F-11692D7EF6AB}.Development Server|Win64.ActiveCfg = Development_Server|x64
		{573DF84C-9CB6-39AD-965F-11692D7EF6AB}.Development Server|Win64.Build.0 = Development_Server|x64
		{573DF84C-9CB6-39AD-965F-11692D7EF6AB}.Development|IOS.ActiveCfg = IOS_Development|Win64
		{573DF84C-9CB6-39AD-965F-11692D7EF6AB}.Development|IOS.Build.0 = IOS_Development|Win64
		{573DF84C-9CB6-39AD-965F-11692D7EF6AB}.Development|Mac.ActiveCfg = Mac_Development|Win64
		{573DF84C-9CB6-39AD-965F-11692D7EF6AB}.Development|Mac.Build.0 = Mac_Development|Win64
		{573DF84C-9CB6-39AD-965F-11692D7EF6AB}.Development|TVOS.ActiveCfg = TVOS_Development|Win64
		{573DF84C-9CB6-39AD-965F-11692D7EF6AB}.Development|TVOS.Build.0 = TVOS_Development|Win64
		{573DF84C-9CB6-39AD-965F-11692D7EF6AB}.Development|Win64.ActiveCfg = Development|x64
		{573DF84C-9CB6-39AD-965F-11692D7EF6AB}.Development|Win64.Build.0 = Development|x64
		{573DF84C-9CB6-39AD-965F-11692D7EF6AB}.Shipping Client|IOS.ActiveCfg = IOS_Shipping_Client|Win64
		{573DF84C-9CB6-39AD-965F-11692D7EF6AB}.Shipping Client|IOS.Build.0 = IOS_Shipping_Client|Win64
		{573DF84C-9CB6-39AD-965F-11692D7EF6AB}.Shipping Client|Mac.ActiveCfg = Mac_Shipping_Client|Win64
		{573DF84C-9CB6-39AD-965F-11692D7EF6AB}.Shipping Client|Mac.Build.0 = Mac_Shipping_Client|Win64
		{573DF84C-9CB6-39AD-965F-11692D7EF6AB}.Shipping Client|TVOS.ActiveCfg = TVOS_Shipping_Client|Win64
		{573DF84C-9CB6-39AD-965F-11692D7EF6AB}.Shipping Client|TVOS.Build.0 = TVOS_Shipping_Client|Win64
		{573DF84C-9CB6-39AD-965F-11692D7EF6AB}.Shipping Client|Win64.ActiveCfg = Shipping_Client|x64
		{573DF84C-9CB6-39AD-965F-11692D7EF6AB}.Shipping Client|Win64.Build.0 = Shipping_Client|x64
		{573DF84C-9CB6-39AD-965F-11692D7EF6AB}.Shipping Server|IOS.ActiveCfg = Invalid|x64
		{573DF84C-9CB6-39AD-965F-11692D7EF6AB}.Shipping Server|Mac.ActiveCfg = Mac_Shipping_Server|Win64
		{573DF84C-9CB6-39AD-965F-11692D7EF6AB}.Shipping Server|Mac.Build.0 = Mac_Shipping_Server|Win64
		{573DF84C-9CB6-39AD-965F-11692D7EF6AB}.Shipping Server|TVOS.ActiveCfg = Invalid|x64
		{573DF84C-9CB6-39AD-965F-11692D7EF6AB}.Shipping Server|Win64.ActiveCfg = Shipping_Server|x64
		{573DF84C-9CB6-39AD-965F-11692D7EF6AB}.Shipping Server|Win64.Build.0 = Shipping_Server|x64
		{573DF84C-9CB6-39AD-965F-11692D7EF6AB}.Shipping|IOS.ActiveCfg = IOS_Shipping|Win64
		{573DF84C-9CB6-39AD-965F-11692D7EF6AB}.Shipping|IOS.Build.0 = IOS_Shipping|Win64
		{573DF84C-9CB6-39AD-965F-11692D7EF6AB}.Shipping|Mac.ActiveCfg = Mac_Shipping|Win64
		{573DF84C-9CB6-39AD-965F-11692D7EF6AB}.Shipping|Mac.Build.0 = Mac_Shipping|Win64
		{573DF84C-9CB6-39AD-965F-11692D7EF6AB}.Shipping|TVOS.ActiveCfg = TVOS_Shipping|Win64
		{573DF84C-9CB6-39AD-965F-11692D7EF6AB}.Shipping|TVOS.Build.0 = TVOS_Shipping|Win64
		{573DF84C-9CB6-39AD-965F-11692D7EF6AB}.Shipping|Win64.ActiveCfg = Shipping|x64
		{573DF84C-9CB6-39AD-965F-11692D7EF6AB}.Shipping|Win64.Build.0 = Shipping|x64
		{573DF84C-9CB6-39AD-965F-11692D7EF6AB}.Test Client|IOS.ActiveCfg = IOS_Test_Client|Win64
		{573DF84C-9CB6-39AD-965F-11692D7EF6AB}.Test Client|IOS.Build.0 = IOS_Test_Client|Win64
		{573DF84C-9CB6-39AD-965F-11692D7EF6AB}.Test Client|Mac.ActiveCfg = Mac_Test_Client|Win64
		{573DF84C-9CB6-39AD-965F-11692D7EF6AB}.Test Client|Mac.Build.0 = Mac_Test_Client|Win64
		{573DF84C-9CB6-39AD-965F-11692D7EF6AB}.Test Client|TVOS.ActiveCfg = TVOS_Test_Client|Win64
		{573DF84C-9CB6-39AD-965F-11692D7EF6AB}.Test Client|TVOS.Build.0 = TVOS_Test_Client|Win64
		{573DF84C-9CB6-39AD-965F-11692D7EF6AB}.Test Client|Win64.ActiveCfg = Test_Client|x64
		{573DF84C-9CB6-39AD-965F-11692D7EF6AB}.Test Client|Win64.Build.0 = Test_Client|x64
		{573DF84C-9CB6-39AD-965F-11692D7EF6AB}.Test Server|IOS.ActiveCfg = Invalid|x64
		{573DF84C-9CB6-39AD-965F-11692D7EF6AB}.Test Server|Mac.ActiveCfg = Mac_Test_Server|Win64
		{573DF84C-9CB6-39AD-965F-11692D7EF6AB}.Test Server|Mac.Build.0 = Mac_Test_Server|Win64
		{573DF84C-9CB6-39AD-965F-11692D7EF6AB}.Test Server|TVOS.ActiveCfg = Invalid|x64
		{573DF84C-9CB6-39AD-965F-11692D7EF6AB}.Test Server|Win64.ActiveCfg = Test_Server|x64
		{573DF84C-9CB6-39AD-965F-11692D7EF6AB}.Test Server|Win64.Build.0 = Test_Server|x64
		{573DF84C-9CB6-39AD-965F-11692D7EF6AB}.Test|IOS.ActiveCfg = IOS_Test|Win64
		{573DF84C-9CB6-39AD-965F-11692D7EF6AB}.Test|IOS.Build.0 = IOS_Test|Win64
		{573DF84C-9CB6-39AD-965F-11692D7EF6AB}.Test|Mac.ActiveCfg = Mac_Test|Win64
		{573DF84C-9CB6-39AD-965F-11692D7EF6AB}.Test|Mac.Build.0 = Mac_Test|Win64
		{573DF84C-9CB6-39AD-965F-11692D7EF6AB}.Test|TVOS.ActiveCfg = TVOS_Test|Win64
		{573DF84C-9CB6-39AD-965F-11692D7EF6AB}.Test|TVOS.Build.0 = TVOS_Test|Win64
		{573DF84C-9CB6-39AD-965F-11692D7EF6AB}.Test|Win64.ActiveCfg = Test|x64
		{573DF84C-9CB6-39AD-965F-11692D7EF6AB}.Test|Win64.Build.0 = Test|x64
		{3A4B78FA-EE36-3E27-805C-193109173B8D}.Debug Client|IOS.ActiveCfg = Invalid|x64
		{3A4B78FA-EE36-3E27-805C-193109173B8D}.Debug Client|Mac.ActiveCfg = Invalid|x64
		{3A4B78FA-EE36-3E27-805C-193109173B8D}.Debug Client|TVOS.ActiveCfg = Invalid|x64
		{3A4B78FA-EE36-3E27-805C-193109173B8D}.Debug Client|Win64.ActiveCfg = Invalid|x64
		{3A4B78FA-EE36-3E27-805C-193109173B8D}.Debug Editor|IOS.ActiveCfg = Invalid|x64
		{3A4B78FA-EE36-3E27-805C-193109173B8D}.Debug Editor|Mac.ActiveCfg = Mac_Debug_Editor|Win64
		{3A4B78FA-EE36-3E27-805C-193109173B8D}.Debug Editor|Mac.Build.0 = Mac_Debug_Editor|Win64
		{3A4B78FA-EE36-3E27-805C-193109173B8D}.Debug Editor|TVOS.ActiveCfg = Invalid|x64
		{3A4B78FA-EE36-3E27-805C-193109173B8D}.Debug Editor|Win64.ActiveCfg = Debug_Editor|x64
		{3A4B78FA-EE36-3E27-805C-193109173B8D}.Debug Editor|Win64.Build.0 = Debug_Editor|x64
		{3A4B78FA-EE36-3E27-805C-193109173B8D}.Debug Server|IOS.ActiveCfg = Invalid|x64
		{3A4B78FA-EE36-3E27-805C-193109173B8D}.Debug Server|Mac.ActiveCfg = Invalid|x64
		{3A4B78FA-EE36-3E27-805C-193109173B8D}.Debug Server|TVOS.ActiveCfg = Invalid|x64
		{3A4B78FA-EE36-3E27-805C-193109173B8D}.Debug Server|Win64.ActiveCfg = Invalid|x64
		{3A4B78FA-EE36-3E27-805C-193109173B8D}.DebugGame Client|IOS.ActiveCfg = Invalid|x64
		{3A4B78FA-EE36-3E27-805C-193109173B8D}.DebugGame Client|Mac.ActiveCfg = Invalid|x64
		{3A4B78FA-EE36-3E27-805C-193109173B8D}.DebugGame Client|TVOS.ActiveCfg = Invalid|x64
		{3A4B78FA-EE36-3E27-805C-193109173B8D}.DebugGame Client|Win64.ActiveCfg = Invalid|x64
		{3A4B78FA-EE36-3E27-805C-193109173B8D}.DebugGame Editor|IOS.ActiveCfg = Invalid|x64
		{3A4B78FA-EE36-3E27-805C-193109173B8D}.DebugGame Editor|Mac.ActiveCfg = Mac_DebugGame_Editor|Win64
		{3A4B78FA-EE36-3E27-805C-193109173B8D}.DebugGame Editor|Mac.Build.0 = Mac_DebugGame_Editor|Win64
		{3A4B78FA-EE36-3E27-805C-193109173B8D}.DebugGame Editor|TVOS.ActiveCfg = Invalid|x64
		{3A4B78FA-EE36-3E27-805C-193109173B8D}.DebugGame Editor|Win64.ActiveCfg = DebugGame_Editor|x64
		{3A4B78FA-EE36-3E27-805C-193109173B8D}.DebugGame Editor|Win64.Build.0 = DebugGame_Editor|x64
		{3A4B78FA-EE36-3E27-805C-193109173B8D}.DebugGame Server|IOS.ActiveCfg = Invalid|x64
		{3A4B78FA-EE36-3E27-805C-193109173B8D}.DebugGame Server|Mac.ActiveCfg = Invalid|x64
		{3A4B78FA-EE36-3E27-805C-193109173B8D}.DebugGame Server|TVOS.ActiveCfg = Invalid|x64
		{3A4B78FA-EE36-3E27-805C-193109173B8D}.DebugGame Server|Win64.ActiveCfg = Invalid|x64
		{3A4B78FA-EE36-3E27-805C-193109173B8D}.DebugGame|IOS.ActiveCfg = IOS_DebugGame|Win64
		{3A4B78FA-EE36-3E27-805C-193109173B8D}.DebugGame|IOS.Build.0 = IOS_DebugGame|Win64
		{3A4B78FA-EE36-3E27-805C-193109173B8D}.DebugGame|Mac.ActiveCfg = Mac_DebugGame|Win64
		{3A4B78FA-EE36-3E27-805C-193109173B8D}.DebugGame|Mac.Build.0 = Mac_DebugGame|Win64
		{3A4B78FA-EE36-3E27-805C-193109173B8D}.DebugGame|TVOS.ActiveCfg = TVOS_DebugGame|Win64
		{3A4B78FA-EE36-3E27-805C-193109173B8D}.DebugGame|TVOS.Build.0 = TVOS_DebugGame|Win64
		{3A4B78FA-EE36-3E27-805C-193109173B8D}.DebugGame|Win64.ActiveCfg = DebugGame|x64
		{3A4B78FA-EE36-3E27-805C-193109173B8D}.DebugGame|Win64.Build.0 = DebugGame|x64
		{3A4B78FA-EE36-3E27-805C-193109173B8D}.Debug|IOS.ActiveCfg = IOS_Debug|Win64
		{3A4B78FA-EE36-3E27-805C-193109173B8D}.Debug|IOS.Build.0 = IOS_Debug|Win64
		{3A4B78FA-EE36-3E27-805C-193109173B8D}.Debug|Mac.ActiveCfg = Mac_Debug|Win64
		{3A4B78FA-EE36-3E27-805C-193109173B8D}.Debug|Mac.Build.0 = Mac_Debug|Win64
		{3A4B78FA-EE36-3E27-805C-193109173B8D}.Debug|TVOS.ActiveCfg = TVOS_Debug|Win64
		{3A4B78FA-EE36-3E27-805C-193109173B8D}.Debug|TVOS.Build.0 = TVOS_Debug|Win64
		{3A4B78FA-EE36-3E27-805C-193109173B8D}.Debug|Win64.ActiveCfg = Debug|x64
		{3A4B78FA-EE36-3E27-805C-193109173B8D}.Debug|Win64.Build.0 = Debug|x64
		{3A4B78FA-EE36-3E27-805C-193109173B8D}.Development Client|IOS.ActiveCfg = Invalid|x64
		{3A4B78FA-EE36-3E27-805C-193109173B8D}.Development Client|Mac.ActiveCfg = Invalid|x64
		{3A4B78FA-EE36-3E27-805C-193109173B8D}.Development Client|TVOS.ActiveCfg = Invalid|x64
		{3A4B78FA-EE36-3E27-805C-193109173B8D}.Development Client|Win64.ActiveCfg = Invalid|x64
		{3A4B78FA-EE36-3E27-805C-193109173B8D}.Development Editor|IOS.ActiveCfg = Invalid|x64
		{3A4B78FA-EE36-3E27-805C-193109173B8D}.Development Editor|Mac.ActiveCfg = Mac_Development_Editor|Win64
		{3A4B78FA-EE36-3E27-805C-193109173B8D}.Development Editor|Mac.Build.0 = Mac_Development_Editor|Win64
		{3A4B78FA-EE36-3E27-805C-193109173B8D}.Development Editor|TVOS.ActiveCfg = Invalid|x64
		{3A4B78FA-EE36-3E27-805C-193109173B8D}.Development Editor|Win64.ActiveCfg = Development_Editor|x64
		{3A4B78FA-EE36-3E27-805C-193109173B8D}.Development Editor|Win64.Build.0 = Development_Editor|x64
		{3A4B78FA-EE36-3E27-805C-193109173B8D}.Development Server|IOS.ActiveCfg = Invalid|x64
		{3A4B78FA-EE36-3E27-805C-193109173B8D}.Development Server|Mac.ActiveCfg = Invalid|x64
		{3A4B78FA-EE36-3E27-805C-193109173B8D}.Development Server|TVOS.ActiveCfg = Invalid|x64
		{3A4B78FA-EE36-3E27-805C-193109173B8D}.Development Server|Win64.ActiveCfg = Invalid|x64
		{3A4B78FA-EE36-3E27-805C-193109173B8D}.Development|IOS.ActiveCfg = IOS_Development|Win64
		{3A4B78FA-EE36-3E27-805C-193109173B8D}.Development|IOS.Build.0 = IOS_Development|Win64
		{3A4B78FA-EE36-3E27-805C-193109173B8D}.Development|Mac.ActiveCfg = Mac_Development|Win64
		{3A4B78FA-EE36-3E27-805C-193109173B8D}.Development|Mac.Build.0 = Mac_Development|Win64
		{3A4B78FA-EE36-3E27-805C-193109173B8D}.Development|TVOS.ActiveCfg = TVOS_Development|Win64
		{3A4B78FA-EE36-3E27-805C-193109173B8D}.Development|TVOS.Build.0 = TVOS_Development|Win64
		{3A4B78FA-EE36-3E27-805C-193109173B8D}.Development|Win64.ActiveCfg = Development|x64
		{3A4B78FA-EE36-3E27-805C-193109173B8D}.Development|Win64.Build.0 = Development|x64
		{3A4B78FA-EE36-3E27-805C-193109173B8D}.Shipping Client|IOS.ActiveCfg = Invalid|x64
		{3A4B78FA-EE36-3E27-805C-193109173B8D}.Shipping Client|Mac.ActiveCfg = Invalid|x64
		{3A4B78FA-EE36-3E27-805C-193109173B8D}.Shipping Client|TVOS.ActiveCfg = Invalid|x64
		{3A4B78FA-EE36-3E27-805C-193109173B8D}.Shipping Client|Win64.ActiveCfg = Invalid|x64
		{3A4B78FA-EE36-3E27-805C-193109173B8D}.Shipping Server|IOS.ActiveCfg = Invalid|x64
		{3A4B78FA-EE36-3E27-805C-193109173B8D}.Shipping Server|Mac.ActiveCfg = Invalid|x64
		{3A4B78FA-EE36-3E27-805C-193109173B8D}.Shipping Server|TVOS.ActiveCfg = Invalid|x64
		{3A4B78FA-EE36-3E27-805C-193109173B8D}.Shipping Server|Win64.ActiveCfg = Invalid|x64
		{3A4B78FA-EE36-3E27-805C-193109173B8D}.Shipping|IOS.ActiveCfg = IOS_Shipping|Win64
		{3A4B78FA-EE36-3E27-805C-193109173B8D}.Shipping|IOS.Build.0 = IOS_Shipping|Win64
		{3A4B78FA-EE36-3E27-805C-193109173B8D}.Shipping|Mac.ActiveCfg = Mac_Shipping|Win64
		{3A4B78FA-EE36-3E27-805C-193109173B8D}.Shipping|Mac.Build.0 = Mac_Shipping|Win64
		{3A4B78FA-EE36-3E27-805C-193109173B8D}.Shipping|TVOS.ActiveCfg = TVOS_Shipping|Win64
		{3A4B78FA-EE36-3E27-805C-193109173B8D}.Shipping|TVOS.Build.0 = TVOS_Shipping|Win64
		{3A4B78FA-EE36-3E27-805C-193109173B8D}.Shipping|Win64.ActiveCfg = Shipping|x64
		{3A4B78FA-EE36-3E27-805C-193109173B8D}.Shipping|Win64.Build.0 = Shipping|x64
		{3A4B78FA-EE36-3E27-805C-193109173B8D}.Test Client|IOS.ActiveCfg = Invalid|x64
		{3A4B78FA-EE36-3E27-805C-193109173B8D}.Test Client|Mac.ActiveCfg = Invalid|x64
		{3A4B78FA-EE36-3E27-805C-193109173B8D}.Test Client|TVOS.ActiveCfg = Invalid|x64
		{3A4B78FA-EE36-3E27-805C-193109173B8D}.Test Client|Win64.ActiveCfg = Invalid|x64
		{3A4B78FA-EE36-3E27-805C-193109173B8D}.Test Server|IOS.ActiveCfg = Invalid|x64
		{3A4B78FA-EE36-3E27-805C-193109173B8D}.Test Server|Mac.ActiveCfg = Invalid|x64
		{3A4B78FA-EE36-3E27-805C-193109173B8D}.Test Server|TVOS.ActiveCfg = Invalid|x64
		{3A4B78FA-EE36-3E27-805C-193109173B8D}.Test Server|Win64.ActiveCfg = Invalid|x64
		{3A4B78FA-EE36-3E27-805C-193109173B8D}.Test|IOS.ActiveCfg = IOS_Test|Win64
		{3A4B78FA-EE36-3E27-805C-193109173B8D}.Test|IOS.Build.0 = IOS_Test|Win64
		{3A4B78FA-EE36-3E27-805C-193109173B8D}.Test|Mac.ActiveCfg = Mac_Test|Win64
		{3A4B78FA-EE36-3E27-805C-193109173B8D}.Test|Mac.Build.0 = Mac_Test|Win64
		{3A4B78FA-EE36-3E27-805C-193109173B8D}.Test|TVOS.ActiveCfg = TVOS_Test|Win64
		{3A4B78FA-EE36-3E27-805C-193109173B8D}.Test|TVOS.Build.0 = TVOS_Test|Win64
		{3A4B78FA-EE36-3E27-805C-193109173B8D}.Test|Win64.ActiveCfg = Test|x64
		{3A4B78FA-EE36-3E27-805C-193109173B8D}.Test|Win64.Build.0 = Test|x64
	EndGlobalSection
	GlobalSection(SolutionProperties) = preSolution
		HideSolutionNode = FALSE
	EndGlobalSection
	GlobalSection(NestedProjects) = preSolution
		{573DF84C-9CB6-39AD-965F-11692D7EF6AB} = {233774A8-CC9D-3FA9-86D1-90573E92B704}
		{3A4B78FA-EE36-3E27-805C-193109173B8D} = {DE1F8B53-6C02-3C13-9101-A7C8D96F3FF6}
	EndGlobalSection
EndGlobal
